// !$*UTF8*$!
{
	archiveVersion = 1;
	classes = {
	};
	objectVersion = 50;
	objects = {

/* Begin PBXBuildFile section */
		31180521249150D700C3812C /* MythicAdvancedView.swift in Sources */ = {isa = PBXBuildFile; fileRef = 31180520249150D700C3812C /* MythicAdvancedView.swift */; };
		311805292492646900C3812C /* GMAOracleModel.swift in Sources */ = {isa = PBXBuildFile; fileRef = 311805282492646900C3812C /* GMAOracleModel.swift */; };
		312F20172481B3E1000CEB9C /* AppDelegate.swift in Sources */ = {isa = PBXBuildFile; fileRef = 312F20162481B3E1000CEB9C /* AppDelegate.swift */; };
		312F20192481B3E1000CEB9C /* SceneDelegate.swift in Sources */ = {isa = PBXBuildFile; fileRef = 312F20182481B3E1000CEB9C /* SceneDelegate.swift */; };
		312F201B2481B3E1000CEB9C /* StartingView.swift in Sources */ = {isa = PBXBuildFile; fileRef = 312F201A2481B3E1000CEB9C /* StartingView.swift */; };
		312F201D2481B3E2000CEB9C /* Assets.xcassets in Resources */ = {isa = PBXBuildFile; fileRef = 312F201C2481B3E2000CEB9C /* Assets.xcassets */; };
		312F20202481B3E2000CEB9C /* Preview Assets.xcassets in Resources */ = {isa = PBXBuildFile; fileRef = 312F201F2481B3E2000CEB9C /* Preview Assets.xcassets */; };
		312F20232481B3E2000CEB9C /* LaunchScreen.storyboard in Resources */ = {isa = PBXBuildFile; fileRef = 312F20212481B3E2000CEB9C /* LaunchScreen.storyboard */; };
		3133B199249018B3005FF8FD /* Die.swift in Sources */ = {isa = PBXBuildFile; fileRef = 3133B198249018B3005FF8FD /* Die.swift */; };
		3133B19B249018D6005FF8FD /* FateDie.swift in Sources */ = {isa = PBXBuildFile; fileRef = 3133B19A249018D6005FF8FD /* FateDie.swift */; };
		3133B19D24901901005FF8FD /* Card.swift in Sources */ = {isa = PBXBuildFile; fileRef = 3133B19C24901901005FF8FD /* Card.swift */; };
		3133B1A12490193D005FF8FD /* Deck.swift in Sources */ = {isa = PBXBuildFile; fileRef = 3133B1A02490193D005FF8FD /* Deck.swift */; };
		3133B1A324901959005FF8FD /* RPG_TABLE.swift in Sources */ = {isa = PBXBuildFile; fileRef = 3133B1A224901959005FF8FD /* RPG_TABLE.swift */; };
		3133B1A624901A55005FF8FD /* CypherOracleModel.swift in Sources */ = {isa = PBXBuildFile; fileRef = 3133B1A524901A55005FF8FD /* CypherOracleModel.swift */; };
		3133B1A824901B53005FF8FD /* CRGEOracleModel.swift in Sources */ = {isa = PBXBuildFile; fileRef = 3133B1A724901B53005FF8FD /* CRGEOracleModel.swift */; };
		3133B1AA24901BB5005FF8FD /* UNEGeneratorModel.swift in Sources */ = {isa = PBXBuildFile; fileRef = 3133B1A924901BB5005FF8FD /* UNEGeneratorModel.swift */; };
		3133B1AC24901C0D005FF8FD /* SWWCGeneratorModel.swift in Sources */ = {isa = PBXBuildFile; fileRef = 3133B1AB24901C0D005FF8FD /* SWWCGeneratorModel.swift */; };
		3133B1CA249047FE005FF8FD /* MythicSimpleView.swift in Sources */ = {isa = PBXBuildFile; fileRef = 3133B1C9249047FE005FF8FD /* MythicSimpleView.swift */; };
		3133B1CC24904871005FF8FD /* GMAMainView.swift in Sources */ = {isa = PBXBuildFile; fileRef = 3133B1CB24904871005FF8FD /* GMAMainView.swift */; };
		31342DF2249FAFDB007C4D74 /* OraclesListView.swift in Sources */ = {isa = PBXBuildFile; fileRef = 31342DF1249FAFDB007C4D74 /* OraclesListView.swift */; };
		314F83F524927F180061C1EA /* FateOracleModel.swift in Sources */ = {isa = PBXBuildFile; fileRef = 314F83F424927F180061C1EA /* FateOracleModel.swift */; };
		314F83F7249285330061C1EA /* FateOracleView.swift in Sources */ = {isa = PBXBuildFile; fileRef = 314F83F6249285330061C1EA /* FateOracleView.swift */; };
		314F83F92492AC0B0061C1EA /* FateOracleViewModel.swift in Sources */ = {isa = PBXBuildFile; fileRef = 314F83F82492AC0B0061C1EA /* FateOracleViewModel.swift */; };
		314F83FD2492B6580061C1EA /* CypherOracleView.swift in Sources */ = {isa = PBXBuildFile; fileRef = 314F83FC2492B6580061C1EA /* CypherOracleView.swift */; };
		314F83FF2492B6D40061C1EA /* CypherOracleViewModel.swift in Sources */ = {isa = PBXBuildFile; fileRef = 314F83FE2492B6D40061C1EA /* CypherOracleViewModel.swift */; };
		314F84032492BDE00061C1EA /* AdventureCrafterModel.swift in Sources */ = {isa = PBXBuildFile; fileRef = 314F84022492BDE00061C1EA /* AdventureCrafterModel.swift */; };
		31538E1F24A10880003EC247 /* PETGeneratorView.swift in Sources */ = {isa = PBXBuildFile; fileRef = 31538E1E24A10880003EC247 /* PETGeneratorView.swift */; };
		31538E2124A1094F003EC247 /* PETGeneratorViewModel.swift in Sources */ = {isa = PBXBuildFile; fileRef = 31538E2024A1094F003EC247 /* PETGeneratorViewModel.swift */; };
		315407142492CB7D00EB18D5 /* CRGEOracleViewModel.swift in Sources */ = {isa = PBXBuildFile; fileRef = 315407132492CB7D00EB18D5 /* CRGEOracleViewModel.swift */; };
		315407162492CB9100EB18D5 /* CRGEOracleView.swift in Sources */ = {isa = PBXBuildFile; fileRef = 315407152492CB9100EB18D5 /* CRGEOracleView.swift */; };
		3154071A2492F65C00EB18D5 /* SoloRPGViewModel.swift in Sources */ = {isa = PBXBuildFile; fileRef = 315407192492F65C00EB18D5 /* SoloRPGViewModel.swift */; };
		3154071C2492F78100EB18D5 /* SoloRPGOracleView.swift in Sources */ = {isa = PBXBuildFile; fileRef = 3154071B2492F78100EB18D5 /* SoloRPGOracleView.swift */; };
		3168E48E2482EE7800DCCC76 /* OracleViewModel.swift in Sources */ = {isa = PBXBuildFile; fileRef = 3168E48D2482EE7800DCCC76 /* OracleViewModel.swift */; };
		3168E4932483335300DCCC76 /* GMADiceView.swift in Sources */ = {isa = PBXBuildFile; fileRef = 3168E4922483335300DCCC76 /* GMADiceView.swift */; };
		316D87012487D31D000E03E0 /* MythicCardOnlyView.swift in Sources */ = {isa = PBXBuildFile; fileRef = 316D87002487D31D000E03E0 /* MythicCardOnlyView.swift */; };
		316D87032487D900000E03E0 /* GMACardViewModel.swift in Sources */ = {isa = PBXBuildFile; fileRef = 316D87022487D900000E03E0 /* GMACardViewModel.swift */; };
		316D87052487E91D000E03E0 /* MythicCardViewModel.swift in Sources */ = {isa = PBXBuildFile; fileRef = 316D87042487E91D000E03E0 /* MythicCardViewModel.swift */; };
		316D870824886BB3000E03E0 /* MythicTopView.swift in Sources */ = {isa = PBXBuildFile; fileRef = 316D870724886BB3000E03E0 /* MythicTopView.swift */; };
		316D870A24886E8A000E03E0 /* MythicMidView.swift in Sources */ = {isa = PBXBuildFile; fileRef = 316D870924886E8A000E03E0 /* MythicMidView.swift */; };
		316D870C24887188000E03E0 /* MythicBottomView.swift in Sources */ = {isa = PBXBuildFile; fileRef = 316D870B24887188000E03E0 /* MythicBottomView.swift */; };
		316D871024895889000E03E0 /* View+isHidden.swift in Sources */ = {isa = PBXBuildFile; fileRef = 316D870F24895889000E03E0 /* View+isHidden.swift */; };
		316D8716248AB756000E03E0 /* MythicOracleModel.swift in Sources */ = {isa = PBXBuildFile; fileRef = 316D8715248AB756000E03E0 /* MythicOracleModel.swift */; };
		3173649A2485CD4A00D8C26B /* PreviewHelper.swift in Sources */ = {isa = PBXBuildFile; fileRef = 317364992485CD4A00D8C26B /* PreviewHelper.swift */; };
		3173EE592491265E00F646A3 /* PETGeneratorModel.swift in Sources */ = {isa = PBXBuildFile; fileRef = 3173EE582491265E00F646A3 /* PETGeneratorModel.swift */; };
		3173EE5B24912CD300F646A3 /* OTTOButton.swift in Sources */ = {isa = PBXBuildFile; fileRef = 3173EE5A24912CD300F646A3 /* OTTOButton.swift */; };
		3173EE6A249143C900F646A3 /* QuickDiceView.swift in Sources */ = {isa = PBXBuildFile; fileRef = 3173EE69249143C900F646A3 /* QuickDiceView.swift */; };
		3173EE6C249144EC00F646A3 /* DiceSquareViewModel.swift in Sources */ = {isa = PBXBuildFile; fileRef = 3173EE6B249144EC00F646A3 /* DiceSquareViewModel.swift */; };
		317FB1AE249BFE4B00FAC0D5 /* UNEGeneratorViewModel.swift in Sources */ = {isa = PBXBuildFile; fileRef = 317FB1AD249BFE4B00FAC0D5 /* UNEGeneratorViewModel.swift */; };
		317FB1B0249C02F900FAC0D5 /* UNEGeneratorView.swift in Sources */ = {isa = PBXBuildFile; fileRef = 317FB1AF249C02F900FAC0D5 /* UNEGeneratorView.swift */; };
		317FB1B4249C156800FAC0D5 /* UNEGeneratorCharacterView.swift in Sources */ = {isa = PBXBuildFile; fileRef = 317FB1B3249C156800FAC0D5 /* UNEGeneratorCharacterView.swift */; };
		317FB1B6249C157E00FAC0D5 /* UNEGeneratorInteractionView.swift in Sources */ = {isa = PBXBuildFile; fileRef = 317FB1B5249C157E00FAC0D5 /* UNEGeneratorInteractionView.swift */; };
		3188CB862481C8F0001F53B5 /* GMA_CARDS.json in Resources */ = {isa = PBXBuildFile; fileRef = 3188CB852481C8F0001F53B5 /* GMA_CARDS.json */; };
		3188CB882481CD1F001F53B5 /* GMACardOnlyView.swift in Sources */ = {isa = PBXBuildFile; fileRef = 3188CB872481CD1F001F53B5 /* GMACardOnlyView.swift */; };
		31A994EB248EA53C00EFA9A3 /* ELEMENT_DESCRIPTIONS_LONG.json in Resources */ = {isa = PBXBuildFile; fileRef = 31A994EA248EA53C00EFA9A3 /* ELEMENT_DESCRIPTIONS_LONG.json */; };
		31A994ED248EA9F400EFA9A3 /* TAG_DESCRIPTIONS_LONG.json in Resources */ = {isa = PBXBuildFile; fileRef = 31A994EC248EA9F400EFA9A3 /* TAG_DESCRIPTIONS_LONG.json */; };
		31AC78BC24A1269500BA01B8 /* String+GetEnumFormmatted.swift in Sources */ = {isa = PBXBuildFile; fileRef = 31AC78BB24A1269500BA01B8 /* String+GetEnumFormmatted.swift */; };
		31ACC52E249655A600454787 /* CypherNPCGeneratorModel.swift in Sources */ = {isa = PBXBuildFile; fileRef = 31ACC52D249655A600454787 /* CypherNPCGeneratorModel.swift */; };
		31ACC53024969E3800454787 /* CypherNPCViewModel.swift in Sources */ = {isa = PBXBuildFile; fileRef = 31ACC52F24969E3800454787 /* CypherNPCViewModel.swift */; };
		31ACC5322496A23000454787 /* CypherNPCGeneratorView.swift in Sources */ = {isa = PBXBuildFile; fileRef = 31ACC5312496A23000454787 /* CypherNPCGeneratorView.swift */; };
		31BE22932483DE8B00E21C00 /* MythicCard.swift in Sources */ = {isa = PBXBuildFile; fileRef = 31BE22922483DE8B00E21C00 /* MythicCard.swift */; };
		31BE22952483DEE400E21C00 /* GMACard.swift in Sources */ = {isa = PBXBuildFile; fileRef = 31BE22942483DEE400E21C00 /* GMACard.swift */; };
		31BE22972483FF8B00E21C00 /* MYTHIC_CARDS.json in Resources */ = {isa = PBXBuildFile; fileRef = 31BE22962483FF8B00E21C00 /* MYTHIC_CARDS.json */; };
		31BE22A124842C8400E21C00 /* OracleModel.swift in Sources */ = {isa = PBXBuildFile; fileRef = 31BE22A024842C8400E21C00 /* OracleModel.swift */; };
		31BE22A524843EE600E21C00 /* GMATopView.swift in Sources */ = {isa = PBXBuildFile; fileRef = 31BE22A424843EE600E21C00 /* GMATopView.swift */; };
		31BE22A724843F9300E21C00 /* GMADescriptionsView.swift in Sources */ = {isa = PBXBuildFile; fileRef = 31BE22A624843F9300E21C00 /* GMADescriptionsView.swift */; };
		31BE22AA2484405300E21C00 /* GMATagBottonView.swift in Sources */ = {isa = PBXBuildFile; fileRef = 31BE22A92484405300E21C00 /* GMATagBottonView.swift */; };
		31C6BC20248F107100494CD7 /* TextPopUpView.swift in Sources */ = {isa = PBXBuildFile; fileRef = 31C6BC1F248F107100494CD7 /* TextPopUpView.swift */; };
		31E9B9EB248BE6BE007B4463 /* SoloRPGOracleModel.swift in Sources */ = {isa = PBXBuildFile; fileRef = 31E9B9EA248BE6BE007B4463 /* SoloRPGOracleModel.swift */; };
		31E9B9EE248C5C06007B4463 /* PLOT_POINT_DESCRIPTION_LONG.json in Resources */ = {isa = PBXBuildFile; fileRef = 31E9B9EC248C5C06007B4463 /* PLOT_POINT_DESCRIPTION_LONG.json */; };
		31E9B9F1248E8AF7007B4463 /* RUNE_DESCRIPTIONS_LONG.json in Resources */ = {isa = PBXBuildFile; fileRef = 31E9B9F0248E8AF7007B4463 /* RUNE_DESCRIPTIONS_LONG.json */; };
		31FB75882493F41B00622969 /* GeneratorsView.swift in Sources */ = {isa = PBXBuildFile; fileRef = 31FB75872493F41B00622969 /* GeneratorsView.swift */; };
		31FB75912493F8AA00622969 /* AdventureCrafterGeneratorView.swift in Sources */ = {isa = PBXBuildFile; fileRef = 31FB75902493F8AA00622969 /* AdventureCrafterGeneratorView.swift */; };
		31FB75952493FA6900622969 /* AdventureCrafterViewModel.swift in Sources */ = {isa = PBXBuildFile; fileRef = 31FB75942493FA6900622969 /* AdventureCrafterViewModel.swift */; };
		31FB759D2494451E00622969 /* OTTOTheOracleTests.swift in Sources */ = {isa = PBXBuildFile; fileRef = 31FB759C2494451E00622969 /* OTTOTheOracleTests.swift */; };
		31FB75A52494458000622969 /* AdventureCraftModelTests.swift in Sources */ = {isa = PBXBuildFile; fileRef = 31FB75A42494458000622969 /* AdventureCraftModelTests.swift */; };
/* End PBXBuildFile section */

/* Begin PBXContainerItemProxy section */
		31FB759F2494451E00622969 /* PBXContainerItemProxy */ = {
			isa = PBXContainerItemProxy;
			containerPortal = 312F200B2481B3E1000CEB9C /* Project object */;
			proxyType = 1;
			remoteGlobalIDString = 312F20122481B3E1000CEB9C;
			remoteInfo = OTTOTheOracle;
		};
/* End PBXContainerItemProxy section */

/* Begin PBXFileReference section */
		31180520249150D700C3812C /* MythicAdvancedView.swift */ = {isa = PBXFileReference; lastKnownFileType = sourcecode.swift; path = MythicAdvancedView.swift; sourceTree = "<group>"; };
		311805282492646900C3812C /* GMAOracleModel.swift */ = {isa = PBXFileReference; lastKnownFileType = sourcecode.swift; path = GMAOracleModel.swift; sourceTree = "<group>"; };
		312F20132481B3E1000CEB9C /* OTTO The Oracle.app */ = {isa = PBXFileReference; explicitFileType = wrapper.application; includeInIndex = 0; path = "OTTO The Oracle.app"; sourceTree = BUILT_PRODUCTS_DIR; };
		312F20162481B3E1000CEB9C /* AppDelegate.swift */ = {isa = PBXFileReference; lastKnownFileType = sourcecode.swift; path = AppDelegate.swift; sourceTree = "<group>"; };
		312F20182481B3E1000CEB9C /* SceneDelegate.swift */ = {isa = PBXFileReference; lastKnownFileType = sourcecode.swift; path = SceneDelegate.swift; sourceTree = "<group>"; };
		312F201A2481B3E1000CEB9C /* StartingView.swift */ = {isa = PBXFileReference; lastKnownFileType = sourcecode.swift; path = StartingView.swift; sourceTree = "<group>"; };
		312F201C2481B3E2000CEB9C /* Assets.xcassets */ = {isa = PBXFileReference; lastKnownFileType = folder.assetcatalog; path = Assets.xcassets; sourceTree = "<group>"; };
		312F201F2481B3E2000CEB9C /* Preview Assets.xcassets */ = {isa = PBXFileReference; lastKnownFileType = folder.assetcatalog; path = "Preview Assets.xcassets"; sourceTree = "<group>"; };
		312F20222481B3E2000CEB9C /* Base */ = {isa = PBXFileReference; lastKnownFileType = file.storyboard; name = Base; path = Base.lproj/LaunchScreen.storyboard; sourceTree = "<group>"; };
		312F20242481B3E2000CEB9C /* Info.plist */ = {isa = PBXFileReference; lastKnownFileType = text.plist.xml; path = Info.plist; sourceTree = "<group>"; };
		3133B198249018B3005FF8FD /* Die.swift */ = {isa = PBXFileReference; lastKnownFileType = sourcecode.swift; path = Die.swift; sourceTree = "<group>"; };
		3133B19A249018D6005FF8FD /* FateDie.swift */ = {isa = PBXFileReference; lastKnownFileType = sourcecode.swift; path = FateDie.swift; sourceTree = "<group>"; };
		3133B19C24901901005FF8FD /* Card.swift */ = {isa = PBXFileReference; lastKnownFileType = sourcecode.swift; path = Card.swift; sourceTree = "<group>"; };
		3133B1A02490193D005FF8FD /* Deck.swift */ = {isa = PBXFileReference; lastKnownFileType = sourcecode.swift; path = Deck.swift; sourceTree = "<group>"; };
		3133B1A224901959005FF8FD /* RPG_TABLE.swift */ = {isa = PBXFileReference; lastKnownFileType = sourcecode.swift; path = RPG_TABLE.swift; sourceTree = "<group>"; };
		3133B1A524901A55005FF8FD /* CypherOracleModel.swift */ = {isa = PBXFileReference; lastKnownFileType = sourcecode.swift; path = CypherOracleModel.swift; sourceTree = "<group>"; };
		3133B1A724901B53005FF8FD /* CRGEOracleModel.swift */ = {isa = PBXFileReference; lastKnownFileType = sourcecode.swift; path = CRGEOracleModel.swift; sourceTree = "<group>"; };
		3133B1A924901BB5005FF8FD /* UNEGeneratorModel.swift */ = {isa = PBXFileReference; lastKnownFileType = sourcecode.swift; path = UNEGeneratorModel.swift; sourceTree = "<group>"; };
		3133B1AB24901C0D005FF8FD /* SWWCGeneratorModel.swift */ = {isa = PBXFileReference; lastKnownFileType = sourcecode.swift; path = SWWCGeneratorModel.swift; sourceTree = "<group>"; };
		3133B1C9249047FE005FF8FD /* MythicSimpleView.swift */ = {isa = PBXFileReference; lastKnownFileType = sourcecode.swift; path = MythicSimpleView.swift; sourceTree = "<group>"; };
		3133B1CB24904871005FF8FD /* GMAMainView.swift */ = {isa = PBXFileReference; lastKnownFileType = sourcecode.swift; path = GMAMainView.swift; sourceTree = "<group>"; };
		31342DF1249FAFDB007C4D74 /* OraclesListView.swift */ = {isa = PBXFileReference; lastKnownFileType = sourcecode.swift; path = OraclesListView.swift; sourceTree = "<group>"; };
		314F83F424927F180061C1EA /* FateOracleModel.swift */ = {isa = PBXFileReference; lastKnownFileType = sourcecode.swift; path = FateOracleModel.swift; sourceTree = "<group>"; };
		314F83F6249285330061C1EA /* FateOracleView.swift */ = {isa = PBXFileReference; lastKnownFileType = sourcecode.swift; path = FateOracleView.swift; sourceTree = "<group>"; };
		314F83F82492AC0B0061C1EA /* FateOracleViewModel.swift */ = {isa = PBXFileReference; lastKnownFileType = sourcecode.swift; path = FateOracleViewModel.swift; sourceTree = "<group>"; };
		314F83FC2492B6580061C1EA /* CypherOracleView.swift */ = {isa = PBXFileReference; lastKnownFileType = sourcecode.swift; path = CypherOracleView.swift; sourceTree = "<group>"; };
		314F83FE2492B6D40061C1EA /* CypherOracleViewModel.swift */ = {isa = PBXFileReference; lastKnownFileType = sourcecode.swift; path = CypherOracleViewModel.swift; sourceTree = "<group>"; };
		314F84022492BDE00061C1EA /* AdventureCrafterModel.swift */ = {isa = PBXFileReference; lastKnownFileType = sourcecode.swift; path = AdventureCrafterModel.swift; sourceTree = "<group>"; };
		31538E1E24A10880003EC247 /* PETGeneratorView.swift */ = {isa = PBXFileReference; lastKnownFileType = sourcecode.swift; path = PETGeneratorView.swift; sourceTree = "<group>"; };
		31538E2024A1094F003EC247 /* PETGeneratorViewModel.swift */ = {isa = PBXFileReference; lastKnownFileType = sourcecode.swift; path = PETGeneratorViewModel.swift; sourceTree = "<group>"; };
		315407132492CB7D00EB18D5 /* CRGEOracleViewModel.swift */ = {isa = PBXFileReference; lastKnownFileType = sourcecode.swift; path = CRGEOracleViewModel.swift; sourceTree = "<group>"; };
		315407152492CB9100EB18D5 /* CRGEOracleView.swift */ = {isa = PBXFileReference; lastKnownFileType = sourcecode.swift; path = CRGEOracleView.swift; sourceTree = "<group>"; };
		315407192492F65C00EB18D5 /* SoloRPGViewModel.swift */ = {isa = PBXFileReference; lastKnownFileType = sourcecode.swift; path = SoloRPGViewModel.swift; sourceTree = "<group>"; };
		3154071B2492F78100EB18D5 /* SoloRPGOracleView.swift */ = {isa = PBXFileReference; lastKnownFileType = sourcecode.swift; path = SoloRPGOracleView.swift; sourceTree = "<group>"; };
		3168E48D2482EE7800DCCC76 /* OracleViewModel.swift */ = {isa = PBXFileReference; lastKnownFileType = sourcecode.swift; path = OracleViewModel.swift; sourceTree = "<group>"; };
		3168E4922483335300DCCC76 /* GMADiceView.swift */ = {isa = PBXFileReference; lastKnownFileType = sourcecode.swift; path = GMADiceView.swift; sourceTree = "<group>"; };
		316D87002487D31D000E03E0 /* MythicCardOnlyView.swift */ = {isa = PBXFileReference; lastKnownFileType = sourcecode.swift; path = MythicCardOnlyView.swift; sourceTree = "<group>"; };
		316D87022487D900000E03E0 /* GMACardViewModel.swift */ = {isa = PBXFileReference; lastKnownFileType = sourcecode.swift; path = GMACardViewModel.swift; sourceTree = "<group>"; };
		316D87042487E91D000E03E0 /* MythicCardViewModel.swift */ = {isa = PBXFileReference; lastKnownFileType = sourcecode.swift; path = MythicCardViewModel.swift; sourceTree = "<group>"; };
		316D870724886BB3000E03E0 /* MythicTopView.swift */ = {isa = PBXFileReference; lastKnownFileType = sourcecode.swift; path = MythicTopView.swift; sourceTree = "<group>"; };
		316D870924886E8A000E03E0 /* MythicMidView.swift */ = {isa = PBXFileReference; lastKnownFileType = sourcecode.swift; path = MythicMidView.swift; sourceTree = "<group>"; };
		316D870B24887188000E03E0 /* MythicBottomView.swift */ = {isa = PBXFileReference; lastKnownFileType = sourcecode.swift; path = MythicBottomView.swift; sourceTree = "<group>"; };
		316D870F24895889000E03E0 /* View+isHidden.swift */ = {isa = PBXFileReference; fileEncoding = 4; lastKnownFileType = sourcecode.swift; path = "View+isHidden.swift"; sourceTree = "<group>"; };
		316D8715248AB756000E03E0 /* MythicOracleModel.swift */ = {isa = PBXFileReference; lastKnownFileType = sourcecode.swift; path = MythicOracleModel.swift; sourceTree = "<group>"; };
		317364992485CD4A00D8C26B /* PreviewHelper.swift */ = {isa = PBXFileReference; lastKnownFileType = sourcecode.swift; path = PreviewHelper.swift; sourceTree = "<group>"; };
		3173EE582491265E00F646A3 /* PETGeneratorModel.swift */ = {isa = PBXFileReference; lastKnownFileType = sourcecode.swift; path = PETGeneratorModel.swift; sourceTree = "<group>"; };
		3173EE5A24912CD300F646A3 /* OTTOButton.swift */ = {isa = PBXFileReference; lastKnownFileType = sourcecode.swift; path = OTTOButton.swift; sourceTree = "<group>"; };
		3173EE69249143C900F646A3 /* QuickDiceView.swift */ = {isa = PBXFileReference; lastKnownFileType = sourcecode.swift; path = QuickDiceView.swift; sourceTree = "<group>"; };
		3173EE6B249144EC00F646A3 /* DiceSquareViewModel.swift */ = {isa = PBXFileReference; lastKnownFileType = sourcecode.swift; path = DiceSquareViewModel.swift; sourceTree = "<group>"; };
		317FB1AD249BFE4B00FAC0D5 /* UNEGeneratorViewModel.swift */ = {isa = PBXFileReference; lastKnownFileType = sourcecode.swift; path = UNEGeneratorViewModel.swift; sourceTree = "<group>"; };
		317FB1AF249C02F900FAC0D5 /* UNEGeneratorView.swift */ = {isa = PBXFileReference; lastKnownFileType = sourcecode.swift; path = UNEGeneratorView.swift; sourceTree = "<group>"; };
		317FB1B3249C156800FAC0D5 /* UNEGeneratorCharacterView.swift */ = {isa = PBXFileReference; lastKnownFileType = sourcecode.swift; path = UNEGeneratorCharacterView.swift; sourceTree = "<group>"; };
		317FB1B5249C157E00FAC0D5 /* UNEGeneratorInteractionView.swift */ = {isa = PBXFileReference; lastKnownFileType = sourcecode.swift; path = UNEGeneratorInteractionView.swift; sourceTree = "<group>"; };
		3188CB852481C8F0001F53B5 /* GMA_CARDS.json */ = {isa = PBXFileReference; fileEncoding = 4; lastKnownFileType = text.json; path = GMA_CARDS.json; sourceTree = "<group>"; };
		3188CB872481CD1F001F53B5 /* GMACardOnlyView.swift */ = {isa = PBXFileReference; lastKnownFileType = sourcecode.swift; path = GMACardOnlyView.swift; sourceTree = "<group>"; };
		31A994EA248EA53C00EFA9A3 /* ELEMENT_DESCRIPTIONS_LONG.json */ = {isa = PBXFileReference; fileEncoding = 4; lastKnownFileType = text.json; path = ELEMENT_DESCRIPTIONS_LONG.json; sourceTree = "<group>"; };
		31A994EC248EA9F400EFA9A3 /* TAG_DESCRIPTIONS_LONG.json */ = {isa = PBXFileReference; fileEncoding = 4; lastKnownFileType = text.json; path = TAG_DESCRIPTIONS_LONG.json; sourceTree = "<group>"; };
		31AC78BB24A1269500BA01B8 /* String+GetEnumFormmatted.swift */ = {isa = PBXFileReference; lastKnownFileType = sourcecode.swift; path = "String+GetEnumFormmatted.swift"; sourceTree = "<group>"; };
		31ACC52D249655A600454787 /* CypherNPCGeneratorModel.swift */ = {isa = PBXFileReference; lastKnownFileType = sourcecode.swift; path = CypherNPCGeneratorModel.swift; sourceTree = "<group>"; };
		31ACC52F24969E3800454787 /* CypherNPCViewModel.swift */ = {isa = PBXFileReference; lastKnownFileType = sourcecode.swift; path = CypherNPCViewModel.swift; sourceTree = "<group>"; };
		31ACC5312496A23000454787 /* CypherNPCGeneratorView.swift */ = {isa = PBXFileReference; lastKnownFileType = sourcecode.swift; path = CypherNPCGeneratorView.swift; sourceTree = "<group>"; };
		31BE22922483DE8B00E21C00 /* MythicCard.swift */ = {isa = PBXFileReference; lastKnownFileType = sourcecode.swift; path = MythicCard.swift; sourceTree = "<group>"; };
		31BE22942483DEE400E21C00 /* GMACard.swift */ = {isa = PBXFileReference; lastKnownFileType = sourcecode.swift; path = GMACard.swift; sourceTree = "<group>"; };
		31BE22962483FF8B00E21C00 /* MYTHIC_CARDS.json */ = {isa = PBXFileReference; lastKnownFileType = text.json; path = MYTHIC_CARDS.json; sourceTree = "<group>"; };
		31BE22A024842C8400E21C00 /* OracleModel.swift */ = {isa = PBXFileReference; lastKnownFileType = sourcecode.swift; path = OracleModel.swift; sourceTree = "<group>"; };
		31BE22A424843EE600E21C00 /* GMATopView.swift */ = {isa = PBXFileReference; lastKnownFileType = sourcecode.swift; path = GMATopView.swift; sourceTree = "<group>"; };
		31BE22A624843F9300E21C00 /* GMADescriptionsView.swift */ = {isa = PBXFileReference; lastKnownFileType = sourcecode.swift; path = GMADescriptionsView.swift; sourceTree = "<group>"; };
		31BE22A92484405300E21C00 /* GMATagBottonView.swift */ = {isa = PBXFileReference; lastKnownFileType = sourcecode.swift; path = GMATagBottonView.swift; sourceTree = "<group>"; };
		31BE22AB24845F1F00E21C00 /* OTTOTheOracle.entitlements */ = {isa = PBXFileReference; lastKnownFileType = text.plist.entitlements; path = OTTOTheOracle.entitlements; sourceTree = "<group>"; };
		31C6BC1F248F107100494CD7 /* TextPopUpView.swift */ = {isa = PBXFileReference; lastKnownFileType = sourcecode.swift; path = TextPopUpView.swift; sourceTree = "<group>"; };
		31E9B9EA248BE6BE007B4463 /* SoloRPGOracleModel.swift */ = {isa = PBXFileReference; lastKnownFileType = sourcecode.swift; path = SoloRPGOracleModel.swift; sourceTree = "<group>"; };
		31E9B9EC248C5C06007B4463 /* PLOT_POINT_DESCRIPTION_LONG.json */ = {isa = PBXFileReference; fileEncoding = 4; lastKnownFileType = text.json; path = PLOT_POINT_DESCRIPTION_LONG.json; sourceTree = "<group>"; };
		31E9B9F0248E8AF7007B4463 /* RUNE_DESCRIPTIONS_LONG.json */ = {isa = PBXFileReference; lastKnownFileType = text.json; path = RUNE_DESCRIPTIONS_LONG.json; sourceTree = "<group>"; };
		31FB75872493F41B00622969 /* GeneratorsView.swift */ = {isa = PBXFileReference; lastKnownFileType = sourcecode.swift; path = GeneratorsView.swift; sourceTree = "<group>"; };
		31FB75902493F8AA00622969 /* AdventureCrafterGeneratorView.swift */ = {isa = PBXFileReference; lastKnownFileType = sourcecode.swift; path = AdventureCrafterGeneratorView.swift; sourceTree = "<group>"; };
		31FB75942493FA6900622969 /* AdventureCrafterViewModel.swift */ = {isa = PBXFileReference; lastKnownFileType = sourcecode.swift; path = AdventureCrafterViewModel.swift; sourceTree = "<group>"; };
		31FB759A2494451E00622969 /* OTTOTheOracleTests.xctest */ = {isa = PBXFileReference; explicitFileType = wrapper.cfbundle; includeInIndex = 0; path = OTTOTheOracleTests.xctest; sourceTree = BUILT_PRODUCTS_DIR; };
		31FB759C2494451E00622969 /* OTTOTheOracleTests.swift */ = {isa = PBXFileReference; lastKnownFileType = sourcecode.swift; path = OTTOTheOracleTests.swift; sourceTree = "<group>"; };
		31FB759E2494451E00622969 /* Info.plist */ = {isa = PBXFileReference; lastKnownFileType = text.plist.xml; path = Info.plist; sourceTree = "<group>"; };
		31FB75A42494458000622969 /* AdventureCraftModelTests.swift */ = {isa = PBXFileReference; lastKnownFileType = sourcecode.swift; path = AdventureCraftModelTests.swift; sourceTree = "<group>"; };
/* End PBXFileReference section */

/* Begin PBXFrameworksBuildPhase section */
		312F20102481B3E1000CEB9C /* Frameworks */ = {
			isa = PBXFrameworksBuildPhase;
			buildActionMask = 2147483647;
			files = (
			);
			runOnlyForDeploymentPostprocessing = 0;
		};
		31FB75972494451E00622969 /* Frameworks */ = {
			isa = PBXFrameworksBuildPhase;
			buildActionMask = 2147483647;
			files = (
			);
			runOnlyForDeploymentPostprocessing = 0;
		};
/* End PBXFrameworksBuildPhase section */

/* Begin PBXGroup section */
		312F200A2481B3E1000CEB9C = {
			isa = PBXGroup;
			children = (
				312F20152481B3E1000CEB9C /* OTTOTheOracle */,
				31FB759B2494451E00622969 /* OTTOTheOracleTests */,
				312F20142481B3E1000CEB9C /* Products */,
			);
			sourceTree = "<group>";
		};
		312F20142481B3E1000CEB9C /* Products */ = {
			isa = PBXGroup;
			children = (
				312F20132481B3E1000CEB9C /* OTTO The Oracle.app */,
				31FB759A2494451E00622969 /* OTTOTheOracleTests.xctest */,
			);
			name = Products;
			sourceTree = "<group>";
		};
		312F20152481B3E1000CEB9C /* OTTOTheOracle */ = {
			isa = PBXGroup;
			children = (
				31BE22AB24845F1F00E21C00 /* OTTOTheOracle.entitlements */,
				312F20162481B3E1000CEB9C /* AppDelegate.swift */,
				312F20182481B3E1000CEB9C /* SceneDelegate.swift */,
				316D870F24895889000E03E0 /* View+isHidden.swift */,
				3188CB842481C8C2001F53B5 /* Resources */,
				3168E48F2483106700DCCC76 /* Models */,
				31D295062485391C0024AC8F /* ViewModels */,
				31D29507248539340024AC8F /* Views */,
				317364992485CD4A00D8C26B /* PreviewHelper.swift */,
				312F201C2481B3E2000CEB9C /* Assets.xcassets */,
				312F20212481B3E2000CEB9C /* LaunchScreen.storyboard */,
				312F20242481B3E2000CEB9C /* Info.plist */,
				312F201E2481B3E2000CEB9C /* Preview Content */,
				31AC78BB24A1269500BA01B8 /* String+GetEnumFormmatted.swift */,
			);
			path = OTTOTheOracle;
			sourceTree = "<group>";
		};
		312F201E2481B3E2000CEB9C /* Preview Content */ = {
			isa = PBXGroup;
			children = (
				312F201F2481B3E2000CEB9C /* Preview Assets.xcassets */,
			);
			path = "Preview Content";
			sourceTree = "<group>";
		};
		3133B19E24901914005FF8FD /* Dice */ = {
			isa = PBXGroup;
			children = (
				3133B198249018B3005FF8FD /* Die.swift */,
				3133B19A249018D6005FF8FD /* FateDie.swift */,
			);
			path = Dice;
			sourceTree = "<group>";
		};
		3133B19F24901921005FF8FD /* Cards */ = {
			isa = PBXGroup;
			children = (
				31BE22922483DE8B00E21C00 /* MythicCard.swift */,
				31BE22942483DEE400E21C00 /* GMACard.swift */,
				3133B19C24901901005FF8FD /* Card.swift */,
				3133B1A02490193D005FF8FD /* Deck.swift */,
			);
			path = Cards;
			sourceTree = "<group>";
		};
		3133B1A424901A04005FF8FD /* Oracles */ = {
			isa = PBXGroup;
			children = (
				316D8715248AB756000E03E0 /* MythicOracleModel.swift */,
				311805282492646900C3812C /* GMAOracleModel.swift */,
				314F83F424927F180061C1EA /* FateOracleModel.swift */,
				31E9B9EA248BE6BE007B4463 /* SoloRPGOracleModel.swift */,
				3133B1A524901A55005FF8FD /* CypherOracleModel.swift */,
				3133B1A724901B53005FF8FD /* CRGEOracleModel.swift */,
			);
			path = Oracles;
			sourceTree = "<group>";
		};
		314F84042492BE380061C1EA /* Generators */ = {
			isa = PBXGroup;
			children = (
				314F84022492BDE00061C1EA /* AdventureCrafterModel.swift */,
				3173EE582491265E00F646A3 /* PETGeneratorModel.swift */,
				3133B1AB24901C0D005FF8FD /* SWWCGeneratorModel.swift */,
				3133B1A924901BB5005FF8FD /* UNEGeneratorModel.swift */,
				31ACC52D249655A600454787 /* CypherNPCGeneratorModel.swift */,
			);
			path = Generators;
			sourceTree = "<group>";
		};
		3168E48F2483106700DCCC76 /* Models */ = {
			isa = PBXGroup;
			children = (
				3133B1A424901A04005FF8FD /* Oracles */,
				314F84042492BE380061C1EA /* Generators */,
				3133B19E24901914005FF8FD /* Dice */,
				3133B19F24901921005FF8FD /* Cards */,
				3133B1A224901959005FF8FD /* RPG_TABLE.swift */,
				31BE22A024842C8400E21C00 /* OracleModel.swift */,
			);
			path = Models;
			sourceTree = "<group>";
		};
		316D870624886B87000E03E0 /* MythicCardViews */ = {
			isa = PBXGroup;
			children = (
				3133B1C9249047FE005FF8FD /* MythicSimpleView.swift */,
				31180520249150D700C3812C /* MythicAdvancedView.swift */,
				316D87002487D31D000E03E0 /* MythicCardOnlyView.swift */,
				316D870724886BB3000E03E0 /* MythicTopView.swift */,
				316D870924886E8A000E03E0 /* MythicMidView.swift */,
				316D870B24887188000E03E0 /* MythicBottomView.swift */,
			);
			path = MythicCardViews;
			sourceTree = "<group>";
		};
		3188CB842481C8C2001F53B5 /* Resources */ = {
			isa = PBXGroup;
			children = (
				31E9B9EC248C5C06007B4463 /* PLOT_POINT_DESCRIPTION_LONG.json */,
				3188CB852481C8F0001F53B5 /* GMA_CARDS.json */,
				31BE22962483FF8B00E21C00 /* MYTHIC_CARDS.json */,
				31E9B9F0248E8AF7007B4463 /* RUNE_DESCRIPTIONS_LONG.json */,
				31A994EA248EA53C00EFA9A3 /* ELEMENT_DESCRIPTIONS_LONG.json */,
				31A994EC248EA9F400EFA9A3 /* TAG_DESCRIPTIONS_LONG.json */,
			);
			path = Resources;
			sourceTree = "<group>";
		};
		31BE22A82484401800E21C00 /* GMACardViews */ = {
			isa = PBXGroup;
			children = (
				3133B1CB24904871005FF8FD /* GMAMainView.swift */,
				3188CB872481CD1F001F53B5 /* GMACardOnlyView.swift */,
				31BE22A424843EE600E21C00 /* GMATopView.swift */,
				3168E4922483335300DCCC76 /* GMADiceView.swift */,
				31BE22A624843F9300E21C00 /* GMADescriptionsView.swift */,
				31BE22A92484405300E21C00 /* GMATagBottonView.swift */,
			);
			path = GMACardViews;
			sourceTree = "<group>";
		};
		31D295062485391C0024AC8F /* ViewModels */ = {
			isa = PBXGroup;
			children = (
				3168E48D2482EE7800DCCC76 /* OracleViewModel.swift */,
				314F83F82492AC0B0061C1EA /* FateOracleViewModel.swift */,
				316D87022487D900000E03E0 /* GMACardViewModel.swift */,
				316D87042487E91D000E03E0 /* MythicCardViewModel.swift */,
				3173EE6B249144EC00F646A3 /* DiceSquareViewModel.swift */,
				314F83FE2492B6D40061C1EA /* CypherOracleViewModel.swift */,
				315407132492CB7D00EB18D5 /* CRGEOracleViewModel.swift */,
				315407192492F65C00EB18D5 /* SoloRPGViewModel.swift */,
				31FB75942493FA6900622969 /* AdventureCrafterViewModel.swift */,
				31ACC52F24969E3800454787 /* CypherNPCViewModel.swift */,
				317FB1AD249BFE4B00FAC0D5 /* UNEGeneratorViewModel.swift */,
				31538E2024A1094F003EC247 /* PETGeneratorViewModel.swift */,
			);
			path = ViewModels;
			sourceTree = "<group>";
		};
		31D29507248539340024AC8F /* Views */ = {
			isa = PBXGroup;
			children = (
				312F201A2481B3E1000CEB9C /* StartingView.swift */,
				31342DF1249FAFDB007C4D74 /* OraclesListView.swift */,
				31FB75872493F41B00622969 /* GeneratorsView.swift */,
				3173EE5A24912CD300F646A3 /* OTTOButton.swift */,
				31C6BC1F248F107100494CD7 /* TextPopUpView.swift */,
				3173EE69249143C900F646A3 /* QuickDiceView.swift */,
				31FB758D2493F7FD00622969 /* OracleViews */,
				31FB758E2493F87D00622969 /* GeneratorViews */,
			);
			path = Views;
			sourceTree = "<group>";
		};
		31FB758D2493F7FD00622969 /* OracleViews */ = {
			isa = PBXGroup;
			children = (
				316D870624886B87000E03E0 /* MythicCardViews */,
				31BE22A82484401800E21C00 /* GMACardViews */,
				314F83F6249285330061C1EA /* FateOracleView.swift */,
				314F83FC2492B6580061C1EA /* CypherOracleView.swift */,
				315407152492CB9100EB18D5 /* CRGEOracleView.swift */,
				3154071B2492F78100EB18D5 /* SoloRPGOracleView.swift */,
			);
			path = OracleViews;
			sourceTree = "<group>";
		};
		31FB758E2493F87D00622969 /* GeneratorViews */ = {
			isa = PBXGroup;
			children = (
				31FB75902493F8AA00622969 /* AdventureCrafterGeneratorView.swift */,
				31ACC5312496A23000454787 /* CypherNPCGeneratorView.swift */,
				317FB1AF249C02F900FAC0D5 /* UNEGeneratorView.swift */,
				317FB1B3249C156800FAC0D5 /* UNEGeneratorCharacterView.swift */,
				317FB1B5249C157E00FAC0D5 /* UNEGeneratorInteractionView.swift */,
				31538E1E24A10880003EC247 /* PETGeneratorView.swift */,
			);
			path = GeneratorViews;
			sourceTree = "<group>";
		};
		31FB759B2494451E00622969 /* OTTOTheOracleTests */ = {
			isa = PBXGroup;
			children = (
				31FB75A42494458000622969 /* AdventureCraftModelTests.swift */,
				31FB759C2494451E00622969 /* OTTOTheOracleTests.swift */,
				31FB759E2494451E00622969 /* Info.plist */,
			);
			path = OTTOTheOracleTests;
			sourceTree = "<group>";
		};
/* End PBXGroup section */

/* Begin PBXNativeTarget section */
		312F20122481B3E1000CEB9C /* OTTOTheOracle */ = {
			isa = PBXNativeTarget;
			buildConfigurationList = 312F20272481B3E2000CEB9C /* Build configuration list for PBXNativeTarget "OTTOTheOracle" */;
			buildPhases = (
				312F200F2481B3E1000CEB9C /* Sources */,
				312F20102481B3E1000CEB9C /* Frameworks */,
				312F20112481B3E1000CEB9C /* Resources */,
			);
			buildRules = (
			);
			dependencies = (
			);
			name = OTTOTheOracle;
			productName = OTTOTheOracle;
			productReference = 312F20132481B3E1000CEB9C /* OTTO The Oracle.app */;
			productType = "com.apple.product-type.application";
		};
		31FB75992494451E00622969 /* OTTOTheOracleTests */ = {
			isa = PBXNativeTarget;
			buildConfigurationList = 31FB75A12494451E00622969 /* Build configuration list for PBXNativeTarget "OTTOTheOracleTests" */;
			buildPhases = (
				31FB75962494451E00622969 /* Sources */,
				31FB75972494451E00622969 /* Frameworks */,
				31FB75982494451E00622969 /* Resources */,
			);
			buildRules = (
			);
			dependencies = (
				31FB75A02494451E00622969 /* PBXTargetDependency */,
			);
			name = OTTOTheOracleTests;
			productName = OTTOTheOracleTests;
			productReference = 31FB759A2494451E00622969 /* OTTOTheOracleTests.xctest */;
			productType = "com.apple.product-type.bundle.unit-test";
		};
/* End PBXNativeTarget section */

/* Begin PBXProject section */
		312F200B2481B3E1000CEB9C /* Project object */ = {
			isa = PBXProject;
			attributes = {
				LastSwiftUpdateCheck = 1150;
				LastUpgradeCheck = 1150;
				ORGANIZATIONNAME = STAQUE;
				TargetAttributes = {
					312F20122481B3E1000CEB9C = {
						CreatedOnToolsVersion = 11.5;
					};
					31FB75992494451E00622969 = {
						CreatedOnToolsVersion = 11.5;
						TestTargetID = 312F20122481B3E1000CEB9C;
					};
				};
			};
			buildConfigurationList = 312F200E2481B3E1000CEB9C /* Build configuration list for PBXProject "OTTOTheOracle" */;
			compatibilityVersion = "Xcode 9.3";
			developmentRegion = en;
			hasScannedForEncodings = 0;
			knownRegions = (
				en,
				Base,
			);
			mainGroup = 312F200A2481B3E1000CEB9C;
			productRefGroup = 312F20142481B3E1000CEB9C /* Products */;
			projectDirPath = "";
			projectRoot = "";
			targets = (
				312F20122481B3E1000CEB9C /* OTTOTheOracle */,
				31FB75992494451E00622969 /* OTTOTheOracleTests */,
			);
		};
/* End PBXProject section */

/* Begin PBXResourcesBuildPhase section */
		312F20112481B3E1000CEB9C /* Resources */ = {
			isa = PBXResourcesBuildPhase;
			buildActionMask = 2147483647;
			files = (
				312F20232481B3E2000CEB9C /* LaunchScreen.storyboard in Resources */,
				31E9B9EE248C5C06007B4463 /* PLOT_POINT_DESCRIPTION_LONG.json in Resources */,
				312F20202481B3E2000CEB9C /* Preview Assets.xcassets in Resources */,
				3188CB862481C8F0001F53B5 /* GMA_CARDS.json in Resources */,
				31A994ED248EA9F400EFA9A3 /* TAG_DESCRIPTIONS_LONG.json in Resources */,
				31BE22972483FF8B00E21C00 /* MYTHIC_CARDS.json in Resources */,
				31E9B9F1248E8AF7007B4463 /* RUNE_DESCRIPTIONS_LONG.json in Resources */,
				312F201D2481B3E2000CEB9C /* Assets.xcassets in Resources */,
				31A994EB248EA53C00EFA9A3 /* ELEMENT_DESCRIPTIONS_LONG.json in Resources */,
			);
			runOnlyForDeploymentPostprocessing = 0;
		};
		31FB75982494451E00622969 /* Resources */ = {
			isa = PBXResourcesBuildPhase;
			buildActionMask = 2147483647;
			files = (
			);
			runOnlyForDeploymentPostprocessing = 0;
		};
/* End PBXResourcesBuildPhase section */

/* Begin PBXSourcesBuildPhase section */
		312F200F2481B3E1000CEB9C /* Sources */ = {
			isa = PBXSourcesBuildPhase;
			buildActionMask = 2147483647;
			files = (
				3173649A2485CD4A00D8C26B /* PreviewHelper.swift in Sources */,
				31E9B9EB248BE6BE007B4463 /* SoloRPGOracleModel.swift in Sources */,
				31BE22952483DEE400E21C00 /* GMACard.swift in Sources */,
				3133B199249018B3005FF8FD /* Die.swift in Sources */,
				314F83FD2492B6580061C1EA /* CypherOracleView.swift in Sources */,
				317FB1B6249C157E00FAC0D5 /* UNEGeneratorInteractionView.swift in Sources */,
				3133B1A624901A55005FF8FD /* CypherOracleModel.swift in Sources */,
				31ACC53024969E3800454787 /* CypherNPCViewModel.swift in Sources */,
				315407162492CB9100EB18D5 /* CRGEOracleView.swift in Sources */,
				316D8716248AB756000E03E0 /* MythicOracleModel.swift in Sources */,
				316D870C24887188000E03E0 /* MythicBottomView.swift in Sources */,
				314F83FF2492B6D40061C1EA /* CypherOracleViewModel.swift in Sources */,
				31538E1F24A10880003EC247 /* PETGeneratorView.swift in Sources */,
				31180521249150D700C3812C /* MythicAdvancedView.swift in Sources */,
				31ACC52E249655A600454787 /* CypherNPCGeneratorModel.swift in Sources */,
				314F83F92492AC0B0061C1EA /* FateOracleViewModel.swift in Sources */,
				3133B1A324901959005FF8FD /* RPG_TABLE.swift in Sources */,
				3133B1AA24901BB5005FF8FD /* UNEGeneratorModel.swift in Sources */,
				312F20172481B3E1000CEB9C /* AppDelegate.swift in Sources */,
				31FB75912493F8AA00622969 /* AdventureCrafterGeneratorView.swift in Sources */,
				3168E4932483335300DCCC76 /* GMADiceView.swift in Sources */,
				31BE22932483DE8B00E21C00 /* MythicCard.swift in Sources */,
				3133B1CA249047FE005FF8FD /* MythicSimpleView.swift in Sources */,
				314F83F7249285330061C1EA /* FateOracleView.swift in Sources */,
				31AC78BC24A1269500BA01B8 /* String+GetEnumFormmatted.swift in Sources */,
				316D870A24886E8A000E03E0 /* MythicMidView.swift in Sources */,
				3133B1A12490193D005FF8FD /* Deck.swift in Sources */,
				31BE22A524843EE600E21C00 /* GMATopView.swift in Sources */,
				317FB1B0249C02F900FAC0D5 /* UNEGeneratorView.swift in Sources */,
				31342DF2249FAFDB007C4D74 /* OraclesListView.swift in Sources */,
				31C6BC20248F107100494CD7 /* TextPopUpView.swift in Sources */,
				316D871024895889000E03E0 /* View+isHidden.swift in Sources */,
				31BE22AA2484405300E21C00 /* GMATagBottonView.swift in Sources */,
				312F20192481B3E1000CEB9C /* SceneDelegate.swift in Sources */,
				317FB1AE249BFE4B00FAC0D5 /* UNEGeneratorViewModel.swift in Sources */,
				3168E48E2482EE7800DCCC76 /* OracleViewModel.swift in Sources */,
				31FB75882493F41B00622969 /* GeneratorsView.swift in Sources */,
				3133B19B249018D6005FF8FD /* FateDie.swift in Sources */,
				316D870824886BB3000E03E0 /* MythicTopView.swift in Sources */,
				3188CB882481CD1F001F53B5 /* GMACardOnlyView.swift in Sources */,
				31FB75952493FA6900622969 /* AdventureCrafterViewModel.swift in Sources */,
				3173EE5B24912CD300F646A3 /* OTTOButton.swift in Sources */,
				3154071A2492F65C00EB18D5 /* SoloRPGViewModel.swift in Sources */,
				3133B1A824901B53005FF8FD /* CRGEOracleModel.swift in Sources */,
				3173EE592491265E00F646A3 /* PETGeneratorModel.swift in Sources */,
				31ACC5322496A23000454787 /* CypherNPCGeneratorView.swift in Sources */,
				316D87012487D31D000E03E0 /* MythicCardOnlyView.swift in Sources */,
				3173EE6A249143C900F646A3 /* QuickDiceView.swift in Sources */,
				311805292492646900C3812C /* GMAOracleModel.swift in Sources */,
				3133B19D24901901005FF8FD /* Card.swift in Sources */,
				316D87032487D900000E03E0 /* GMACardViewModel.swift in Sources */,
				3154071C2492F78100EB18D5 /* SoloRPGOracleView.swift in Sources */,
				315407142492CB7D00EB18D5 /* CRGEOracleViewModel.swift in Sources */,
				317FB1B4249C156800FAC0D5 /* UNEGeneratorCharacterView.swift in Sources */,
				31BE22A124842C8400E21C00 /* OracleModel.swift in Sources */,
				316D87052487E91D000E03E0 /* MythicCardViewModel.swift in Sources */,
				314F84032492BDE00061C1EA /* AdventureCrafterModel.swift in Sources */,
				312F201B2481B3E1000CEB9C /* StartingView.swift in Sources */,
				314F83F524927F180061C1EA /* FateOracleModel.swift in Sources */,
				3173EE6C249144EC00F646A3 /* DiceSquareViewModel.swift in Sources */,
				31538E2124A1094F003EC247 /* PETGeneratorViewModel.swift in Sources */,
				3133B1CC24904871005FF8FD /* GMAMainView.swift in Sources */,
				31BE22A724843F9300E21C00 /* GMADescriptionsView.swift in Sources */,
				3133B1AC24901C0D005FF8FD /* SWWCGeneratorModel.swift in Sources */,
			);
			runOnlyForDeploymentPostprocessing = 0;
		};
		31FB75962494451E00622969 /* Sources */ = {
			isa = PBXSourcesBuildPhase;
			buildActionMask = 2147483647;
			files = (
				31FB759D2494451E00622969 /* OTTOTheOracleTests.swift in Sources */,
				31FB75A52494458000622969 /* AdventureCraftModelTests.swift in Sources */,
			);
			runOnlyForDeploymentPostprocessing = 0;
		};
/* End PBXSourcesBuildPhase section */

/* Begin PBXTargetDependency section */
		31FB75A02494451E00622969 /* PBXTargetDependency */ = {
			isa = PBXTargetDependency;
			target = 312F20122481B3E1000CEB9C /* OTTOTheOracle */;
			targetProxy = 31FB759F2494451E00622969 /* PBXContainerItemProxy */;
		};
/* End PBXTargetDependency section */

/* Begin PBXVariantGroup section */
		312F20212481B3E2000CEB9C /* LaunchScreen.storyboard */ = {
			isa = PBXVariantGroup;
			children = (
				312F20222481B3E2000CEB9C /* Base */,
			);
			name = LaunchScreen.storyboard;
			sourceTree = "<group>";
		};
/* End PBXVariantGroup section */

/* Begin XCBuildConfiguration section */
		312F20252481B3E2000CEB9C /* Debug */ = {
			isa = XCBuildConfiguration;
			buildSettings = {
				ALWAYS_SEARCH_USER_PATHS = NO;
				CLANG_ANALYZER_NONNULL = YES;
				CLANG_ANALYZER_NUMBER_OBJECT_CONVERSION = YES_AGGRESSIVE;
				CLANG_CXX_LANGUAGE_STANDARD = "gnu++14";
				CLANG_CXX_LIBRARY = "libc++";
				CLANG_ENABLE_MODULES = YES;
				CLANG_ENABLE_OBJC_ARC = YES;
				CLANG_ENABLE_OBJC_WEAK = YES;
				CLANG_WARN_BLOCK_CAPTURE_AUTORELEASING = YES;
				CLANG_WARN_BOOL_CONVERSION = YES;
				CLANG_WARN_COMMA = YES;
				CLANG_WARN_CONSTANT_CONVERSION = YES;
				CLANG_WARN_DEPRECATED_OBJC_IMPLEMENTATIONS = YES;
				CLANG_WARN_DIRECT_OBJC_ISA_USAGE = YES_ERROR;
				CLANG_WARN_DOCUMENTATION_COMMENTS = YES;
				CLANG_WARN_EMPTY_BODY = YES;
				CLANG_WARN_ENUM_CONVERSION = YES;
				CLANG_WARN_INFINITE_RECURSION = YES;
				CLANG_WARN_INT_CONVERSION = YES;
				CLANG_WARN_NON_LITERAL_NULL_CONVERSION = YES;
				CLANG_WARN_OBJC_IMPLICIT_RETAIN_SELF = YES;
				CLANG_WARN_OBJC_LITERAL_CONVERSION = YES;
				CLANG_WARN_OBJC_ROOT_CLASS = YES_ERROR;
				CLANG_WARN_RANGE_LOOP_ANALYSIS = YES;
				CLANG_WARN_STRICT_PROTOTYPES = YES;
				CLANG_WARN_SUSPICIOUS_MOVE = YES;
				CLANG_WARN_UNGUARDED_AVAILABILITY = YES_AGGRESSIVE;
				CLANG_WARN_UNREACHABLE_CODE = YES;
				CLANG_WARN__DUPLICATE_METHOD_MATCH = YES;
				COPY_PHASE_STRIP = NO;
				DEBUG_INFORMATION_FORMAT = dwarf;
				ENABLE_STRICT_OBJC_MSGSEND = YES;
				ENABLE_TESTABILITY = YES;
				GCC_C_LANGUAGE_STANDARD = gnu11;
				GCC_DYNAMIC_NO_PIC = NO;
				GCC_NO_COMMON_BLOCKS = YES;
				GCC_OPTIMIZATION_LEVEL = 0;
				GCC_PREPROCESSOR_DEFINITIONS = (
					"DEBUG=1",
					"$(inherited)",
				);
				GCC_WARN_64_TO_32_BIT_CONVERSION = YES;
				GCC_WARN_ABOUT_RETURN_TYPE = YES_ERROR;
				GCC_WARN_UNDECLARED_SELECTOR = YES;
				GCC_WARN_UNINITIALIZED_AUTOS = YES_AGGRESSIVE;
				GCC_WARN_UNUSED_FUNCTION = YES;
				GCC_WARN_UNUSED_VARIABLE = YES;
				IPHONEOS_DEPLOYMENT_TARGET = 13.5;
				MTL_ENABLE_DEBUG_INFO = INCLUDE_SOURCE;
				MTL_FAST_MATH = YES;
				ONLY_ACTIVE_ARCH = YES;
				SDKROOT = iphoneos;
				SWIFT_ACTIVE_COMPILATION_CONDITIONS = DEBUG;
				SWIFT_OPTIMIZATION_LEVEL = "-Onone";
			};
			name = Debug;
		};
		312F20262481B3E2000CEB9C /* Release */ = {
			isa = XCBuildConfiguration;
			buildSettings = {
				ALWAYS_SEARCH_USER_PATHS = NO;
				CLANG_ANALYZER_NONNULL = YES;
				CLANG_ANALYZER_NUMBER_OBJECT_CONVERSION = YES_AGGRESSIVE;
				CLANG_CXX_LANGUAGE_STANDARD = "gnu++14";
				CLANG_CXX_LIBRARY = "libc++";
				CLANG_ENABLE_MODULES = YES;
				CLANG_ENABLE_OBJC_ARC = YES;
				CLANG_ENABLE_OBJC_WEAK = YES;
				CLANG_WARN_BLOCK_CAPTURE_AUTORELEASING = YES;
				CLANG_WARN_BOOL_CONVERSION = YES;
				CLANG_WARN_COMMA = YES;
				CLANG_WARN_CONSTANT_CONVERSION = YES;
				CLANG_WARN_DEPRECATED_OBJC_IMPLEMENTATIONS = YES;
				CLANG_WARN_DIRECT_OBJC_ISA_USAGE = YES_ERROR;
				CLANG_WARN_DOCUMENTATION_COMMENTS = YES;
				CLANG_WARN_EMPTY_BODY = YES;
				CLANG_WARN_ENUM_CONVERSION = YES;
				CLANG_WARN_INFINITE_RECURSION = YES;
				CLANG_WARN_INT_CONVERSION = YES;
				CLANG_WARN_NON_LITERAL_NULL_CONVERSION = YES;
				CLANG_WARN_OBJC_IMPLICIT_RETAIN_SELF = YES;
				CLANG_WARN_OBJC_LITERAL_CONVERSION = YES;
				CLANG_WARN_OBJC_ROOT_CLASS = YES_ERROR;
				CLANG_WARN_RANGE_LOOP_ANALYSIS = YES;
				CLANG_WARN_STRICT_PROTOTYPES = YES;
				CLANG_WARN_SUSPICIOUS_MOVE = YES;
				CLANG_WARN_UNGUARDED_AVAILABILITY = YES_AGGRESSIVE;
				CLANG_WARN_UNREACHABLE_CODE = YES;
				CLANG_WARN__DUPLICATE_METHOD_MATCH = YES;
				COPY_PHASE_STRIP = NO;
				DEBUG_INFORMATION_FORMAT = "dwarf-with-dsym";
				ENABLE_NS_ASSERTIONS = NO;
				ENABLE_STRICT_OBJC_MSGSEND = YES;
				GCC_C_LANGUAGE_STANDARD = gnu11;
				GCC_NO_COMMON_BLOCKS = YES;
				GCC_WARN_64_TO_32_BIT_CONVERSION = YES;
				GCC_WARN_ABOUT_RETURN_TYPE = YES_ERROR;
				GCC_WARN_UNDECLARED_SELECTOR = YES;
				GCC_WARN_UNINITIALIZED_AUTOS = YES_AGGRESSIVE;
				GCC_WARN_UNUSED_FUNCTION = YES;
				GCC_WARN_UNUSED_VARIABLE = YES;
				IPHONEOS_DEPLOYMENT_TARGET = 13.5;
				MTL_ENABLE_DEBUG_INFO = NO;
				MTL_FAST_MATH = YES;
				SDKROOT = iphoneos;
				SWIFT_COMPILATION_MODE = wholemodule;
				SWIFT_OPTIMIZATION_LEVEL = "-O";
				VALIDATE_PRODUCT = YES;
			};
			name = Release;
		};
		312F20282481B3E2000CEB9C /* Debug */ = {
			isa = XCBuildConfiguration;
			buildSettings = {
				ASSETCATALOG_COMPILER_APPICON_NAME = AppIcon;
				CODE_SIGN_ENTITLEMENTS = OTTOTheOracle/OTTOTheOracle.entitlements;
				CODE_SIGN_STYLE = Automatic;
				DEVELOPMENT_ASSET_PATHS = "\"OTTOTheOracle/Preview Content\"";
				DEVELOPMENT_TEAM = 69WU6LWMSQ;
				ENABLE_PREVIEWS = YES;
				INFOPLIST_FILE = OTTOTheOracle/Info.plist;
				IPHONEOS_DEPLOYMENT_TARGET = 13.4;
				LD_RUNPATH_SEARCH_PATHS = (
					"$(inherited)",
					"@executable_path/Frameworks",
				);
				PRODUCT_BUNDLE_IDENTIFIER = Rosenbaum.OTTOTheOracle;
				PRODUCT_NAME = "OTTO The Oracle";
				SUPPORTS_MACCATALYST = YES;
				SWIFT_VERSION = 5.0;
				TARGETED_DEVICE_FAMILY = "1,2";
			};
			name = Debug;
		};
		312F20292481B3E2000CEB9C /* Release */ = {
			isa = XCBuildConfiguration;
			buildSettings = {
				ASSETCATALOG_COMPILER_APPICON_NAME = AppIcon;
				CODE_SIGN_ENTITLEMENTS = OTTOTheOracle/OTTOTheOracle.entitlements;
				CODE_SIGN_STYLE = Automatic;
				DEVELOPMENT_ASSET_PATHS = "\"OTTOTheOracle/Preview Content\"";
				DEVELOPMENT_TEAM = 69WU6LWMSQ;
				ENABLE_PREVIEWS = YES;
				INFOPLIST_FILE = OTTOTheOracle/Info.plist;
				IPHONEOS_DEPLOYMENT_TARGET = 13.4;
				LD_RUNPATH_SEARCH_PATHS = (
					"$(inherited)",
					"@executable_path/Frameworks",
				);
				PRODUCT_BUNDLE_IDENTIFIER = Rosenbaum.OTTOTheOracle;
				PRODUCT_NAME = "OTTO The Oracle";
				SUPPORTS_MACCATALYST = YES;
				SWIFT_VERSION = 5.0;
				TARGETED_DEVICE_FAMILY = "1,2";
			};
			name = Release;
		};
		31FB75A22494451E00622969 /* Debug */ = {
			isa = XCBuildConfiguration;
			buildSettings = {
				BUNDLE_LOADER = "$(TEST_HOST)";
				CODE_SIGN_STYLE = Automatic;
				DEVELOPMENT_TEAM = 69WU6LWMSQ;
				INFOPLIST_FILE = OTTOTheOracleTests/Info.plist;
				LD_RUNPATH_SEARCH_PATHS = (
					"$(inherited)",
					"@executable_path/Frameworks",
					"@loader_path/Frameworks",
				);
				PRODUCT_BUNDLE_IDENTIFIER = Rosenbaum.OTTOTheOracleTests;
				PRODUCT_NAME = "$(TARGET_NAME)";
				SWIFT_VERSION = 5.0;
				TARGETED_DEVICE_FAMILY = "1,2";
				TEST_HOST = "$(BUILT_PRODUCTS_DIR)/OTTOTheOracle.app/OTTOTheOracle";
			};
			name = Debug;
		};
		31FB75A32494451E00622969 /* Release */ = {
			isa = XCBuildConfiguration;
			buildSettings = {
				BUNDLE_LOADER = "$(TEST_HOST)";
				CODE_SIGN_STYLE = Automatic;
				DEVELOPMENT_TEAM = 69WU6LWMSQ;
				INFOPLIST_FILE = OTTOTheOracleTests/Info.plist;
				LD_RUNPATH_SEARCH_PATHS = (
					"$(inherited)",
					"@executable_path/Frameworks",
					"@loader_path/Frameworks",
				);
				PRODUCT_BUNDLE_IDENTIFIER = Rosenbaum.OTTOTheOracleTests;
				PRODUCT_NAME = "$(TARGET_NAME)";
				SWIFT_VERSION = 5.0;
				TARGETED_DEVICE_FAMILY = "1,2";
				TEST_HOST = "$(BUILT_PRODUCTS_DIR)/OTTOTheOracle.app/OTTOTheOracle";
			};
			name = Release;
		};
/* End XCBuildConfiguration section */

/* Begin XCConfigurationList section */
		312F200E2481B3E1000CEB9C /* Build configuration list for PBXProject "OTTOTheOracle" */ = {
			isa = XCConfigurationList;
			buildConfigurations = (
				312F20252481B3E2000CEB9C /* Debug */,
				312F20262481B3E2000CEB9C /* Release */,
			);
			defaultConfigurationIsVisible = 0;
			defaultConfigurationName = Release;
		};
		312F20272481B3E2000CEB9C /* Build configuration list for PBXNativeTarget "OTTOTheOracle" */ = {
			isa = XCConfigurationList;
			buildConfigurations = (
				312F20282481B3E2000CEB9C /* Debug */,
				312F20292481B3E2000CEB9C /* Release */,
			);
			defaultConfigurationIsVisible = 0;
			defaultConfigurationName = Release;
		};
		31FB75A12494451E00622969 /* Build configuration list for PBXNativeTarget "OTTOTheOracleTests" */ = {
			isa = XCConfigurationList;
			buildConfigurations = (
				31FB75A22494451E00622969 /* Debug */,
				31FB75A32494451E00622969 /* Release */,
			);
			defaultConfigurationIsVisible = 0;
			defaultConfigurationName = Release;
		};
/* End XCConfigurationList section */
	};
	rootObject = 312F200B2481B3E1000CEB9C /* Project object */;
}
